{
  "name": "kodegarden-client",
  "version": "16.7.0",
  "lockfileVersion": 1,
  "requires": true,
  "dependencies": {
    "monaco-editor": {
      "version": "0.5.3",
      "resolved": "https://registry.npmjs.org/monaco-editor/-/monaco-editor-0.5.3.tgz",
      "integrity": "sha1-QWojMNIS0t5e1mGuVTMA/UQjPds="
    }
  }
}
